<Solution>
  <Project Path="WordFlow.Adventure.csproj" />
  <Project Path="Assembly-CSharp.csproj" />
  <Project Path="WordFlow.Adventure.Tests.csproj" />
  <Project Path="FangAutoTile.csproj" />
  <Project Path="Assembly-CSharp-Editor.csproj" />
  <Project Path="Game.Common.csproj" />
  <Project Path="FangAutoTile.Editor.csproj" />
</Solution>
